<?xml version="1.0" encoding="UTF-8"?>
<CodeBlocks_project_file>
	<FileVersion major="1" minor="6"/>
	<Project>
		<Option title="ImGui"/>
		<Option makefile_is_custom="1"/>
		<Option compiler="gcc"/>
		<Option virtualFolders="CMake Files\;CMake Files\..\;CMake Files\..\..\;CMake Files\..\..\..\;CMake Files\..\..\..\..\;CMake Files\..\..\..\..\..\;CMake Files\..\..\..\..\..\usr\;CMake Files\..\..\..\..\..\usr\lib\;CMake Files\..\..\..\..\..\usr\lib\x86_64-linux-gnu\;CMake Files\..\..\..\..\..\usr\lib\x86_64-linux-gnu\cmake\;CMake Files\..\..\..\..\..\usr\lib\x86_64-linux-gnu\cmake\SDL2\;CMake Files\glad\;CMake Files\glm\;CMake Files\imgui\;CMake Files\stb\;"/>
		<Build>
			<Target title="all">
				<Option working_dir="/home/blacktack2/Documents/Rep/CellularAutomata/imgui"/>
				<Option type="4"/>
				<MakeCommands>
					<Build command="/usr/bin/make -f &quot;/home/blacktack2/Documents/Rep/CellularAutomata/imgui/Makefile&quot;  VERBOSE=1 all"/>
					<CompileFile command="/usr/bin/make -f &quot;/home/blacktack2/Documents/Rep/CellularAutomata/imgui/Makefile&quot;  VERBOSE=1 &quot;$file&quot;"/>
					<Clean command="/usr/bin/make -f &quot;/home/blacktack2/Documents/Rep/CellularAutomata/imgui/Makefile&quot;  VERBOSE=1 clean"/>
					<DistClean command="/usr/bin/make -f &quot;/home/blacktack2/Documents/Rep/CellularAutomata/imgui/Makefile&quot;  VERBOSE=1 clean"/>
				</MakeCommands>
			</Target>
			<Target title="imgui">
				<Option output="/home/blacktack2/Documents/Rep/CellularAutomata/imgui/libimgui.a" prefix_auto="0" extension_auto="0"/>
				<Option working_dir="/home/blacktack2/Documents/Rep/CellularAutomata/imgui"/>
				<Option object_output="./"/>
				<Option type="2"/>
				<Option compiler="gcc"/>
				<Compiler>
					<Add directory="/usr/include/SDL2"/>
				</Compiler>
				<MakeCommands>
					<Build command="/usr/bin/make -f &quot;/home/blacktack2/Documents/Rep/CellularAutomata/imgui/Makefile&quot;  VERBOSE=1 imgui"/>
					<CompileFile command="/usr/bin/make -f &quot;/home/blacktack2/Documents/Rep/CellularAutomata/imgui/Makefile&quot;  VERBOSE=1 &quot;$file&quot;"/>
					<Clean command="/usr/bin/make -f &quot;/home/blacktack2/Documents/Rep/CellularAutomata/imgui/Makefile&quot;  VERBOSE=1 clean"/>
					<DistClean command="/usr/bin/make -f &quot;/home/blacktack2/Documents/Rep/CellularAutomata/imgui/Makefile&quot;  VERBOSE=1 clean"/>
				</MakeCommands>
			</Target>
			<Target title="imgui/fast">
				<Option output="/home/blacktack2/Documents/Rep/CellularAutomata/imgui/libimgui.a" prefix_auto="0" extension_auto="0"/>
				<Option working_dir="/home/blacktack2/Documents/Rep/CellularAutomata/imgui"/>
				<Option object_output="./"/>
				<Option type="2"/>
				<Option compiler="gcc"/>
				<Compiler>
					<Add directory="/usr/include/SDL2"/>
				</Compiler>
				<MakeCommands>
					<Build command="/usr/bin/make -f &quot;/home/blacktack2/Documents/Rep/CellularAutomata/imgui/Makefile&quot;  VERBOSE=1 imgui/fast"/>
					<CompileFile command="/usr/bin/make -f &quot;/home/blacktack2/Documents/Rep/CellularAutomata/imgui/Makefile&quot;  VERBOSE=1 &quot;$file&quot;"/>
					<Clean command="/usr/bin/make -f &quot;/home/blacktack2/Documents/Rep/CellularAutomata/imgui/Makefile&quot;  VERBOSE=1 clean"/>
					<DistClean command="/usr/bin/make -f &quot;/home/blacktack2/Documents/Rep/CellularAutomata/imgui/Makefile&quot;  VERBOSE=1 clean"/>
				</MakeCommands>
			</Target>
		</Build>
		<Unit filename="/home/blacktack2/Documents/Rep/CellularAutomata/imgui/imconfig.h">
			<Option target="imgui"/>
		</Unit>
		<Unit filename="/home/blacktack2/Documents/Rep/CellularAutomata/imgui/imgui.cpp">
			<Option target="imgui"/>
		</Unit>
		<Unit filename="/home/blacktack2/Documents/Rep/CellularAutomata/imgui/imgui.h">
			<Option target="imgui"/>
		</Unit>
		<Unit filename="/home/blacktack2/Documents/Rep/CellularAutomata/imgui/imgui_demo.cpp">
			<Option target="imgui"/>
		</Unit>
		<Unit filename="/home/blacktack2/Documents/Rep/CellularAutomata/imgui/imgui_draw.cpp">
			<Option target="imgui"/>
		</Unit>
		<Unit filename="/home/blacktack2/Documents/Rep/CellularAutomata/imgui/imgui_impl_opengl3.cpp">
			<Option target="imgui"/>
		</Unit>
		<Unit filename="/home/blacktack2/Documents/Rep/CellularAutomata/imgui/imgui_impl_opengl3.h">
			<Option target="imgui"/>
		</Unit>
		<Unit filename="/home/blacktack2/Documents/Rep/CellularAutomata/imgui/imgui_impl_opengl3_loader.h">
			<Option target="imgui"/>
		</Unit>
		<Unit filename="/home/blacktack2/Documents/Rep/CellularAutomata/imgui/imgui_impl_sdl.cpp">
			<Option target="imgui"/>
		</Unit>
		<Unit filename="/home/blacktack2/Documents/Rep/CellularAutomata/imgui/imgui_impl_sdl.h">
			<Option target="imgui"/>
		</Unit>
		<Unit filename="/home/blacktack2/Documents/Rep/CellularAutomata/imgui/imgui_internal.h">
			<Option target="imgui"/>
		</Unit>
		<Unit filename="/home/blacktack2/Documents/Rep/CellularAutomata/imgui/imgui_stdlib.cpp">
			<Option target="imgui"/>
		</Unit>
		<Unit filename="/home/blacktack2/Documents/Rep/CellularAutomata/imgui/imgui_stdlib.h">
			<Option target="imgui"/>
		</Unit>
		<Unit filename="/home/blacktack2/Documents/Rep/CellularAutomata/imgui/imgui_tables.cpp">
			<Option target="imgui"/>
		</Unit>
		<Unit filename="/home/blacktack2/Documents/Rep/CellularAutomata/imgui/imgui_widgets.cpp">
			<Option target="imgui"/>
		</Unit>
		<Unit filename="/home/blacktack2/Documents/Rep/CellularAutomata/imgui/imstb_rectpack.h">
			<Option target="imgui"/>
		</Unit>
		<Unit filename="/home/blacktack2/Documents/Rep/CellularAutomata/imgui/imstb_textedit.h">
			<Option target="imgui"/>
		</Unit>
		<Unit filename="/home/blacktack2/Documents/Rep/CellularAutomata/imgui/imstb_truetype.h">
			<Option target="imgui"/>
		</Unit>
		<Unit filename="/home/blacktack2/Documents/Rep/CellularAutomata/CMakeLists.txt">
			<Option virtualFolder="CMake Files\"/>
		</Unit>
		<Unit filename="/home/blacktack2/Documents/Rep/CellularAutomata/../../../../../usr/lib/x86_64-linux-gnu/cmake/SDL2/sdl2-config.cmake">
			<Option virtualFolder="CMake Files\..\..\..\..\..\usr\lib\x86_64-linux-gnu\cmake\SDL2\"/>
		</Unit>
		<Unit filename="/home/blacktack2/Documents/Rep/CellularAutomata/glad/CMakeLists.txt">
			<Option virtualFolder="CMake Files\glad\"/>
		</Unit>
		<Unit filename="/home/blacktack2/Documents/Rep/CellularAutomata/glm/CMakeLists.txt">
			<Option virtualFolder="CMake Files\glm\"/>
		</Unit>
		<Unit filename="/home/blacktack2/Documents/Rep/CellularAutomata/imgui/CMakeLists.txt">
			<Option virtualFolder="CMake Files\imgui\"/>
		</Unit>
		<Unit filename="/home/blacktack2/Documents/Rep/CellularAutomata/stb/CMakeLists.txt">
			<Option virtualFolder="CMake Files\stb\"/>
		</Unit>
	</Project>
</CodeBlocks_project_file>
